
Microsoft Visual Studio Solution File, Format Version 12.00
Project("{FAE04EC0-301F-11D3-BF4B-00C04F79EFBC}") = "12", "12\12.csproj", "{548D0207-1E9A-4EEB-ADCA-E7DBDADDFC3C}"
EndProject
Global
	GlobalSection(SolutionConfigurationPlatforms) = preSolution
		Debug|Any CPU = Debug|Any CPU
		Release|Any CPU = Release|Any CPU
	EndGlobalSection
	GlobalSection(ProjectConfigurationPlatforms) = postSolution
		{548D0207-1E9A-4EEB-ADCA-E7DBDADDFC3C}.Debug|Any CPU.ActiveCfg = Debug|Any CPU
		{548D0207-1E9A-4EEB-ADCA-E7DBDADDFC3C}.Debug|Any CPU.Build.0 = Debug|Any CPU
		{548D0207-1E9A-4EEB-ADCA-E7DBDADDFC3C}.Release|Any CPU.ActiveCfg = Release|Any CPU
		{548D0207-1E9A-4EEB-ADCA-E7DBDADDFC3C}.Release|Any CPU.Build.0 = Release|Any CPU
	EndGlobalSection
EndGlobal
